
Microsoft Visual Studio Solution File, Format Version 12.00
# Visual Studio Version 16
VisualStudioVersion = 16.0.30517.126
MinimumVisualStudioVersion = 10.0.40219.1
Project("{8BC9CEB8-8B4A-11D0-8D11-00A0C91BC942}") = "CALCUL", "CALCUL\CALCUL.vcxproj", "{749ECBA3-2C85-47D0-A5B8-B130B53BE624}"
EndProject
Global
	GlobalSection(SolutionConfigurationPlatforms) = preSolution
		Debug|x64 = Debug|x64
		Debug|x86 = Debug|x86
		Release|x64 = Release|x64
		Release|x86 = Release|x86
	EndGlobalSection
	GlobalSection(ProjectConfigurationPlatforms) = postSolution
		{749ECBA3-2C85-47D0-A5B8-B130B53BE624}.Debug|x64.ActiveCfg = Debug|x64
		{749ECBA3-2C85-47D0-A5B8-B130B53BE624}.Debug|x64.Build.0 = Debug|x64
		{749ECBA3-2C85-47D0-A5B8-B130B53BE624}.Debug|x86.ActiveCfg = Debug|Win32
		{749ECBA3-2C85-47D0-A5B8-B130B53BE624}.Debug|x86.Build.0 = Debug|Win32
		{749ECBA3-2C85-47D0-A5B8-B130B53BE624}.Release|x64.ActiveCfg = Release|x64
		{749ECBA3-2C85-47D0-A5B8-B130B53BE624}.Release|x64.Build.0 = Release|x64
		{749ECBA3-2C85-47D0-A5B8-B130B53BE624}.Release|x86.ActiveCfg = Release|Win32
		{749ECBA3-2C85-47D0-A5B8-B130B53BE624}.Release|x86.Build.0 = Release|Win32
	EndGlobalSection
	GlobalSection(SolutionProperties) = preSolution
		HideSolutionNode = FALSE
	EndGlobalSection
	GlobalSection(ExtensibilityGlobals) = postSolution
		SolutionGuid = {1A64C6DC-9A77-4851-BF26-75EA10325E17}
	EndGlobalSection
EndGlobal
